
Microsoft Visual Studio Solution File, Format Version 12.00
Project("{FAE04EC0-301F-11D3-BF4B-00C04F79EFBC}") = "Host", "Host\Host.csproj", "{D5C9250A-5108-49F9-A1E1-5F591E5E4170}"
EndProject
Project("{FAE04EC0-301F-11D3-BF4B-00C04F79EFBC}") = "Identity.Infrastructure.EfCore", "Identity.Infrastructure.EfCore\Identity.Infrastructure.EfCore.csproj", "{BC07F466-D6C4-4D3A-A4AA-35DEA57F5615}"
EndProject
Project("{FAE04EC0-301F-11D3-BF4B-00C04F79EFBC}") = "Identity.Domain", "Identity.Domain\Identity.Domain.csproj", "{26F55605-FB0E-4533-B18F-668E7C78C6B3}"
EndProject
Project("{FAE04EC0-301F-11D3-BF4B-00C04F79EFBC}") = "Identity.Application", "Identity.Application\Identity.Application.csproj", "{0F26C6C9-275D-4439-B7F3-C187962EFB30}"
EndProject
Project("{FAE04EC0-301F-11D3-BF4B-00C04F79EFBC}") = "Identity.Application.Contracts", "Identity.Application.Contracts\Identity.Application.Contracts.csproj", "{F931E8E9-9D15-434A-98B0-75B15B1BA672}"
EndProject
Project("{FAE04EC0-301F-11D3-BF4B-00C04F79EFBC}") = "Identity.AuthServer", "Identity.AuthServer\Identity.AuthServer.csproj", "{120B100C-70A3-4305-BEAE-E108EC2A2C19}"
EndProject
Project("{FAE04EC0-301F-11D3-BF4B-00C04F79EFBC}") = "Identity.Domain.Shared", "Identity.Domain.Shared\Identity.Domain.Shared.csproj", "{01D524EA-444B-4ECD-89ED-4ED3CF285082}"
EndProject
Project("{FAE04EC0-301F-11D3-BF4B-00C04F79EFBC}") = "Core.Domain", "Core.Domain\Core.Domain.csproj", "{403623CD-B74A-44A2-AA16-9226A0F9DE01}"
EndProject
Project("{FAE04EC0-301F-11D3-BF4B-00C04F79EFBC}") = "PermissionManagement.Domain.Shared", "PermissionManagement.Domain.Shared\PermissionManagement.Domain.Shared.csproj", "{C630409B-26EE-47A3-8483-6F65EAB3080D}"
EndProject
Project("{2150E333-8FDC-42A3-9474-1A3956D46DE8}") = "PermissionManagement", "PermissionManagement", "{629D94A3-D0CC-4ABE-AF59-7C75567781DC}"
EndProject
Project("{FAE04EC0-301F-11D3-BF4B-00C04F79EFBC}") = "PermissionManagement.Domain", "PermissionManagement.Domain\PermissionManagement.Domain.csproj", "{937A33DF-F809-4831-9D58-BA3F998208E9}"
EndProject
Project("{2150E333-8FDC-42A3-9474-1A3956D46DE8}") = "Identity", "Identity", "{A07C1D68-54A6-4EC7-8F4C-DED888FC5FD0}"
EndProject
Project("{2150E333-8FDC-42A3-9474-1A3956D46DE8}") = "Core", "Core", "{3294E5E1-E1E7-4696-BACE-31BBC7F03B52}"
EndProject
Project("{FAE04EC0-301F-11D3-BF4B-00C04F79EFBC}") = "Core.Utils", "Core.Utils\Core.Utils.csproj", "{F03754FC-D779-44A6-8999-D474477D48DB}"
EndProject
Project("{FAE04EC0-301F-11D3-BF4B-00C04F79EFBC}") = "PermissionManagement.Infrastructure.EfCore", "PermissionManagement.Infrastructure.EfCore\PermissionManagement.Infrastructure.EfCore.csproj", "{C88F98D9-3989-444A-AB09-F7D131893B73}"
EndProject
Project("{FAE04EC0-301F-11D3-BF4B-00C04F79EFBC}") = "Core.Infrastructure.EfCore", "Core.Infrastructure.EfCore\Core.Infrastructure.EfCore.csproj", "{EFC871E6-1FEB-4428-8039-C3D93921A493}"
EndProject
Project("{FAE04EC0-301F-11D3-BF4B-00C04F79EFBC}") = "Core.Application", "Core.Application\Core.Application.csproj", "{ABB83A47-A543-43CE-B4F1-6ECB581AD8FE}"
EndProject
Project("{FAE04EC0-301F-11D3-BF4B-00C04F79EFBC}") = "Core.Application.Contracts", "Core.Application.Contracts\Core.Application.Contracts.csproj", "{16C7E86E-CF1F-4016-B0BD-D810D505CD35}"
EndProject
Project("{FAE04EC0-301F-11D3-BF4B-00C04F79EFBC}") = "Core.Hosting", "Core.Hosting\Core.Hosting.csproj", "{EDBCF0B4-CA0F-4F40-81DE-A1F41C2D49FC}"
EndProject
Project("{FAE04EC0-301F-11D3-BF4B-00C04F79EFBC}") = "Identity.Presentation", "Identity.Presentation\Identity.Presentation.csproj", "{A55C5971-0715-491C-9651-46B2EC5B140E}"
EndProject
Project("{FAE04EC0-301F-11D3-BF4B-00C04F79EFBC}") = "Infrastructure.EfCore", "Infrastructure.EfCore\Infrastructure.EfCore.csproj", "{05AB14E0-81E9-4FCB-9D56-88C8D795D7FF}"
EndProject
Project("{2150E333-8FDC-42A3-9474-1A3956D46DE8}") = "Authorization", "Authorization", "{32E1B215-8B94-4517-83CC-3C39DE73FEDA}"
EndProject
Project("{FAE04EC0-301F-11D3-BF4B-00C04F79EFBC}") = "Authorization.Abstractions", "Authorization.Abstractions\Authorization.Abstractions.csproj", "{1552D909-D918-4622-A57D-0C5FD4641322}"
EndProject
Project("{FAE04EC0-301F-11D3-BF4B-00C04F79EFBC}") = "Authorization.AspNetCore", "Authorization.AspNetCore\Authorization.AspNetCore.csproj", "{359DBB4D-8F49-4489-AD3D-D5C94D7D1537}"
EndProject
Project("{FAE04EC0-301F-11D3-BF4B-00C04F79EFBC}") = "Authorization.Hosting", "Authorization.Hosting\Authorization.Hosting.csproj", "{D6FABEE7-AF0A-4821-B74A-634F28796969}"
EndProject
Global
	GlobalSection(SolutionConfigurationPlatforms) = preSolution
		Debug|Any CPU = Debug|Any CPU
		Release|Any CPU = Release|Any CPU
	EndGlobalSection
	GlobalSection(ProjectConfigurationPlatforms) = postSolution
		{D5C9250A-5108-49F9-A1E1-5F591E5E4170}.Debug|Any CPU.ActiveCfg = Debug|Any CPU
		{D5C9250A-5108-49F9-A1E1-5F591E5E4170}.Debug|Any CPU.Build.0 = Debug|Any CPU
		{D5C9250A-5108-49F9-A1E1-5F591E5E4170}.Release|Any CPU.ActiveCfg = Release|Any CPU
		{D5C9250A-5108-49F9-A1E1-5F591E5E4170}.Release|Any CPU.Build.0 = Release|Any CPU
		{BC07F466-D6C4-4D3A-A4AA-35DEA57F5615}.Debug|Any CPU.ActiveCfg = Debug|Any CPU
		{BC07F466-D6C4-4D3A-A4AA-35DEA57F5615}.Debug|Any CPU.Build.0 = Debug|Any CPU
		{BC07F466-D6C4-4D3A-A4AA-35DEA57F5615}.Release|Any CPU.ActiveCfg = Release|Any CPU
		{BC07F466-D6C4-4D3A-A4AA-35DEA57F5615}.Release|Any CPU.Build.0 = Release|Any CPU
		{26F55605-FB0E-4533-B18F-668E7C78C6B3}.Debug|Any CPU.ActiveCfg = Debug|Any CPU
		{26F55605-FB0E-4533-B18F-668E7C78C6B3}.Debug|Any CPU.Build.0 = Debug|Any CPU
		{26F55605-FB0E-4533-B18F-668E7C78C6B3}.Release|Any CPU.ActiveCfg = Release|Any CPU
		{26F55605-FB0E-4533-B18F-668E7C78C6B3}.Release|Any CPU.Build.0 = Release|Any CPU
		{0F26C6C9-275D-4439-B7F3-C187962EFB30}.Debug|Any CPU.ActiveCfg = Debug|Any CPU
		{0F26C6C9-275D-4439-B7F3-C187962EFB30}.Debug|Any CPU.Build.0 = Debug|Any CPU
		{0F26C6C9-275D-4439-B7F3-C187962EFB30}.Release|Any CPU.ActiveCfg = Release|Any CPU
		{0F26C6C9-275D-4439-B7F3-C187962EFB30}.Release|Any CPU.Build.0 = Release|Any CPU
		{F931E8E9-9D15-434A-98B0-75B15B1BA672}.Debug|Any CPU.ActiveCfg = Debug|Any CPU
		{F931E8E9-9D15-434A-98B0-75B15B1BA672}.Debug|Any CPU.Build.0 = Debug|Any CPU
		{F931E8E9-9D15-434A-98B0-75B15B1BA672}.Release|Any CPU.ActiveCfg = Release|Any CPU
		{F931E8E9-9D15-434A-98B0-75B15B1BA672}.Release|Any CPU.Build.0 = Release|Any CPU
		{120B100C-70A3-4305-BEAE-E108EC2A2C19}.Debug|Any CPU.ActiveCfg = Debug|Any CPU
		{120B100C-70A3-4305-BEAE-E108EC2A2C19}.Debug|Any CPU.Build.0 = Debug|Any CPU
		{120B100C-70A3-4305-BEAE-E108EC2A2C19}.Release|Any CPU.ActiveCfg = Release|Any CPU
		{120B100C-70A3-4305-BEAE-E108EC2A2C19}.Release|Any CPU.Build.0 = Release|Any CPU
		{01D524EA-444B-4ECD-89ED-4ED3CF285082}.Debug|Any CPU.ActiveCfg = Debug|Any CPU
		{01D524EA-444B-4ECD-89ED-4ED3CF285082}.Debug|Any CPU.Build.0 = Debug|Any CPU
		{01D524EA-444B-4ECD-89ED-4ED3CF285082}.Release|Any CPU.ActiveCfg = Release|Any CPU
		{01D524EA-444B-4ECD-89ED-4ED3CF285082}.Release|Any CPU.Build.0 = Release|Any CPU
		{403623CD-B74A-44A2-AA16-9226A0F9DE01}.Debug|Any CPU.ActiveCfg = Debug|Any CPU
		{403623CD-B74A-44A2-AA16-9226A0F9DE01}.Debug|Any CPU.Build.0 = Debug|Any CPU
		{403623CD-B74A-44A2-AA16-9226A0F9DE01}.Release|Any CPU.ActiveCfg = Release|Any CPU
		{403623CD-B74A-44A2-AA16-9226A0F9DE01}.Release|Any CPU.Build.0 = Release|Any CPU
		{C630409B-26EE-47A3-8483-6F65EAB3080D}.Debug|Any CPU.ActiveCfg = Debug|Any CPU
		{C630409B-26EE-47A3-8483-6F65EAB3080D}.Debug|Any CPU.Build.0 = Debug|Any CPU
		{C630409B-26EE-47A3-8483-6F65EAB3080D}.Release|Any CPU.ActiveCfg = Release|Any CPU
		{C630409B-26EE-47A3-8483-6F65EAB3080D}.Release|Any CPU.Build.0 = Release|Any CPU
		{937A33DF-F809-4831-9D58-BA3F998208E9}.Debug|Any CPU.ActiveCfg = Debug|Any CPU
		{937A33DF-F809-4831-9D58-BA3F998208E9}.Debug|Any CPU.Build.0 = Debug|Any CPU
		{937A33DF-F809-4831-9D58-BA3F998208E9}.Release|Any CPU.ActiveCfg = Release|Any CPU
		{937A33DF-F809-4831-9D58-BA3F998208E9}.Release|Any CPU.Build.0 = Release|Any CPU
		{F03754FC-D779-44A6-8999-D474477D48DB}.Debug|Any CPU.ActiveCfg = Debug|Any CPU
		{F03754FC-D779-44A6-8999-D474477D48DB}.Debug|Any CPU.Build.0 = Debug|Any CPU
		{F03754FC-D779-44A6-8999-D474477D48DB}.Release|Any CPU.ActiveCfg = Release|Any CPU
		{F03754FC-D779-44A6-8999-D474477D48DB}.Release|Any CPU.Build.0 = Release|Any CPU
		{C88F98D9-3989-444A-AB09-F7D131893B73}.Debug|Any CPU.ActiveCfg = Debug|Any CPU
		{C88F98D9-3989-444A-AB09-F7D131893B73}.Debug|Any CPU.Build.0 = Debug|Any CPU
		{C88F98D9-3989-444A-AB09-F7D131893B73}.Release|Any CPU.ActiveCfg = Release|Any CPU
		{C88F98D9-3989-444A-AB09-F7D131893B73}.Release|Any CPU.Build.0 = Release|Any CPU
		{EFC871E6-1FEB-4428-8039-C3D93921A493}.Debug|Any CPU.ActiveCfg = Debug|Any CPU
		{EFC871E6-1FEB-4428-8039-C3D93921A493}.Debug|Any CPU.Build.0 = Debug|Any CPU
		{EFC871E6-1FEB-4428-8039-C3D93921A493}.Release|Any CPU.ActiveCfg = Release|Any CPU
		{EFC871E6-1FEB-4428-8039-C3D93921A493}.Release|Any CPU.Build.0 = Release|Any CPU
		{ABB83A47-A543-43CE-B4F1-6ECB581AD8FE}.Debug|Any CPU.ActiveCfg = Debug|Any CPU
		{ABB83A47-A543-43CE-B4F1-6ECB581AD8FE}.Debug|Any CPU.Build.0 = Debug|Any CPU
		{ABB83A47-A543-43CE-B4F1-6ECB581AD8FE}.Release|Any CPU.ActiveCfg = Release|Any CPU
		{ABB83A47-A543-43CE-B4F1-6ECB581AD8FE}.Release|Any CPU.Build.0 = Release|Any CPU
		{16C7E86E-CF1F-4016-B0BD-D810D505CD35}.Debug|Any CPU.ActiveCfg = Debug|Any CPU
		{16C7E86E-CF1F-4016-B0BD-D810D505CD35}.Debug|Any CPU.Build.0 = Debug|Any CPU
		{16C7E86E-CF1F-4016-B0BD-D810D505CD35}.Release|Any CPU.ActiveCfg = Release|Any CPU
		{16C7E86E-CF1F-4016-B0BD-D810D505CD35}.Release|Any CPU.Build.0 = Release|Any CPU
		{EDBCF0B4-CA0F-4F40-81DE-A1F41C2D49FC}.Debug|Any CPU.ActiveCfg = Debug|Any CPU
		{EDBCF0B4-CA0F-4F40-81DE-A1F41C2D49FC}.Debug|Any CPU.Build.0 = Debug|Any CPU
		{EDBCF0B4-CA0F-4F40-81DE-A1F41C2D49FC}.Release|Any CPU.ActiveCfg = Release|Any CPU
		{EDBCF0B4-CA0F-4F40-81DE-A1F41C2D49FC}.Release|Any CPU.Build.0 = Release|Any CPU
		{A55C5971-0715-491C-9651-46B2EC5B140E}.Debug|Any CPU.ActiveCfg = Debug|Any CPU
		{A55C5971-0715-491C-9651-46B2EC5B140E}.Debug|Any CPU.Build.0 = Debug|Any CPU
		{A55C5971-0715-491C-9651-46B2EC5B140E}.Release|Any CPU.ActiveCfg = Release|Any CPU
		{A55C5971-0715-491C-9651-46B2EC5B140E}.Release|Any CPU.Build.0 = Release|Any CPU
		{05AB14E0-81E9-4FCB-9D56-88C8D795D7FF}.Debug|Any CPU.ActiveCfg = Debug|Any CPU
		{05AB14E0-81E9-4FCB-9D56-88C8D795D7FF}.Debug|Any CPU.Build.0 = Debug|Any CPU
		{05AB14E0-81E9-4FCB-9D56-88C8D795D7FF}.Release|Any CPU.ActiveCfg = Release|Any CPU
		{05AB14E0-81E9-4FCB-9D56-88C8D795D7FF}.Release|Any CPU.Build.0 = Release|Any CPU
		{1552D909-D918-4622-A57D-0C5FD4641322}.Debug|Any CPU.ActiveCfg = Debug|Any CPU
		{1552D909-D918-4622-A57D-0C5FD4641322}.Debug|Any CPU.Build.0 = Debug|Any CPU
		{1552D909-D918-4622-A57D-0C5FD4641322}.Release|Any CPU.ActiveCfg = Release|Any CPU
		{1552D909-D918-4622-A57D-0C5FD4641322}.Release|Any CPU.Build.0 = Release|Any CPU
		{359DBB4D-8F49-4489-AD3D-D5C94D7D1537}.Debug|Any CPU.ActiveCfg = Debug|Any CPU
		{359DBB4D-8F49-4489-AD3D-D5C94D7D1537}.Debug|Any CPU.Build.0 = Debug|Any CPU
		{359DBB4D-8F49-4489-AD3D-D5C94D7D1537}.Release|Any CPU.ActiveCfg = Release|Any CPU
		{359DBB4D-8F49-4489-AD3D-D5C94D7D1537}.Release|Any CPU.Build.0 = Release|Any CPU
		{D6FABEE7-AF0A-4821-B74A-634F28796969}.Debug|Any CPU.ActiveCfg = Debug|Any CPU
		{D6FABEE7-AF0A-4821-B74A-634F28796969}.Debug|Any CPU.Build.0 = Debug|Any CPU
		{D6FABEE7-AF0A-4821-B74A-634F28796969}.Release|Any CPU.ActiveCfg = Release|Any CPU
		{D6FABEE7-AF0A-4821-B74A-634F28796969}.Release|Any CPU.Build.0 = Release|Any CPU
	EndGlobalSection
	GlobalSection(NestedProjects) = preSolution
		{937A33DF-F809-4831-9D58-BA3F998208E9} = {629D94A3-D0CC-4ABE-AF59-7C75567781DC}
		{C630409B-26EE-47A3-8483-6F65EAB3080D} = {629D94A3-D0CC-4ABE-AF59-7C75567781DC}
		{0F26C6C9-275D-4439-B7F3-C187962EFB30} = {A07C1D68-54A6-4EC7-8F4C-DED888FC5FD0}
		{F931E8E9-9D15-434A-98B0-75B15B1BA672} = {A07C1D68-54A6-4EC7-8F4C-DED888FC5FD0}
		{120B100C-70A3-4305-BEAE-E108EC2A2C19} = {A07C1D68-54A6-4EC7-8F4C-DED888FC5FD0}
		{26F55605-FB0E-4533-B18F-668E7C78C6B3} = {A07C1D68-54A6-4EC7-8F4C-DED888FC5FD0}
		{01D524EA-444B-4ECD-89ED-4ED3CF285082} = {A07C1D68-54A6-4EC7-8F4C-DED888FC5FD0}
		{BC07F466-D6C4-4D3A-A4AA-35DEA57F5615} = {A07C1D68-54A6-4EC7-8F4C-DED888FC5FD0}
		{403623CD-B74A-44A2-AA16-9226A0F9DE01} = {3294E5E1-E1E7-4696-BACE-31BBC7F03B52}
		{F03754FC-D779-44A6-8999-D474477D48DB} = {3294E5E1-E1E7-4696-BACE-31BBC7F03B52}
		{C88F98D9-3989-444A-AB09-F7D131893B73} = {629D94A3-D0CC-4ABE-AF59-7C75567781DC}
		{EFC871E6-1FEB-4428-8039-C3D93921A493} = {3294E5E1-E1E7-4696-BACE-31BBC7F03B52}
		{ABB83A47-A543-43CE-B4F1-6ECB581AD8FE} = {3294E5E1-E1E7-4696-BACE-31BBC7F03B52}
		{16C7E86E-CF1F-4016-B0BD-D810D505CD35} = {3294E5E1-E1E7-4696-BACE-31BBC7F03B52}
		{EDBCF0B4-CA0F-4F40-81DE-A1F41C2D49FC} = {3294E5E1-E1E7-4696-BACE-31BBC7F03B52}
		{A55C5971-0715-491C-9651-46B2EC5B140E} = {A07C1D68-54A6-4EC7-8F4C-DED888FC5FD0}
		{1552D909-D918-4622-A57D-0C5FD4641322} = {32E1B215-8B94-4517-83CC-3C39DE73FEDA}
		{359DBB4D-8F49-4489-AD3D-D5C94D7D1537} = {32E1B215-8B94-4517-83CC-3C39DE73FEDA}
		{D6FABEE7-AF0A-4821-B74A-634F28796969} = {32E1B215-8B94-4517-83CC-3C39DE73FEDA}
	EndGlobalSection
EndGlobal
