
Microsoft Visual Studio Solution File, Format Version 12.00
Project("{FAE04EC0-301F-11D3-BF4B-00C04F79EFBC}") = "Host", "Host\Host.csproj", "{D5C9250A-5108-49F9-A1E1-5F591E5E4170}"
EndProject
Project("{FAE04EC0-301F-11D3-BF4B-00C04F79EFBC}") = "Infrastructure.EfCore", "Infrastructure.EfCore\Infrastructure.EfCore.csproj", "{BC07F466-D6C4-4D3A-A4AA-35DEA57F5615}"
EndProject
Project("{FAE04EC0-301F-11D3-BF4B-00C04F79EFBC}") = "Domain", "Domain\Domain.csproj", "{26F55605-FB0E-4533-B18F-668E7C78C6B3}"
EndProject
Project("{FAE04EC0-301F-11D3-BF4B-00C04F79EFBC}") = "Application", "Application\Application.csproj", "{0F26C6C9-275D-4439-B7F3-C187962EFB30}"
EndProject
Project("{FAE04EC0-301F-11D3-BF4B-00C04F79EFBC}") = "Application.Contracts", "Application.Contracts\Application.Contracts.csproj", "{F931E8E9-9D15-434A-98B0-75B15B1BA672}"
EndProject
Project("{FAE04EC0-301F-11D3-BF4B-00C04F79EFBC}") = "Auth", "Auth\Auth.csproj", "{120B100C-70A3-4305-BEAE-E108EC2A2C19}"
EndProject
Global
	GlobalSection(SolutionConfigurationPlatforms) = preSolution
		Debug|Any CPU = Debug|Any CPU
		Release|Any CPU = Release|Any CPU
	EndGlobalSection
	GlobalSection(ProjectConfigurationPlatforms) = postSolution
		{D5C9250A-5108-49F9-A1E1-5F591E5E4170}.Debug|Any CPU.ActiveCfg = Debug|Any CPU
		{D5C9250A-5108-49F9-A1E1-5F591E5E4170}.Debug|Any CPU.Build.0 = Debug|Any CPU
		{D5C9250A-5108-49F9-A1E1-5F591E5E4170}.Release|Any CPU.ActiveCfg = Release|Any CPU
		{D5C9250A-5108-49F9-A1E1-5F591E5E4170}.Release|Any CPU.Build.0 = Release|Any CPU
		{BC07F466-D6C4-4D3A-A4AA-35DEA57F5615}.Debug|Any CPU.ActiveCfg = Debug|Any CPU
		{BC07F466-D6C4-4D3A-A4AA-35DEA57F5615}.Debug|Any CPU.Build.0 = Debug|Any CPU
		{BC07F466-D6C4-4D3A-A4AA-35DEA57F5615}.Release|Any CPU.ActiveCfg = Release|Any CPU
		{BC07F466-D6C4-4D3A-A4AA-35DEA57F5615}.Release|Any CPU.Build.0 = Release|Any CPU
		{26F55605-FB0E-4533-B18F-668E7C78C6B3}.Debug|Any CPU.ActiveCfg = Debug|Any CPU
		{26F55605-FB0E-4533-B18F-668E7C78C6B3}.Debug|Any CPU.Build.0 = Debug|Any CPU
		{26F55605-FB0E-4533-B18F-668E7C78C6B3}.Release|Any CPU.ActiveCfg = Release|Any CPU
		{26F55605-FB0E-4533-B18F-668E7C78C6B3}.Release|Any CPU.Build.0 = Release|Any CPU
		{0F26C6C9-275D-4439-B7F3-C187962EFB30}.Debug|Any CPU.ActiveCfg = Debug|Any CPU
		{0F26C6C9-275D-4439-B7F3-C187962EFB30}.Debug|Any CPU.Build.0 = Debug|Any CPU
		{0F26C6C9-275D-4439-B7F3-C187962EFB30}.Release|Any CPU.ActiveCfg = Release|Any CPU
		{0F26C6C9-275D-4439-B7F3-C187962EFB30}.Release|Any CPU.Build.0 = Release|Any CPU
		{F931E8E9-9D15-434A-98B0-75B15B1BA672}.Debug|Any CPU.ActiveCfg = Debug|Any CPU
		{F931E8E9-9D15-434A-98B0-75B15B1BA672}.Debug|Any CPU.Build.0 = Debug|Any CPU
		{F931E8E9-9D15-434A-98B0-75B15B1BA672}.Release|Any CPU.ActiveCfg = Release|Any CPU
		{F931E8E9-9D15-434A-98B0-75B15B1BA672}.Release|Any CPU.Build.0 = Release|Any CPU
		{120B100C-70A3-4305-BEAE-E108EC2A2C19}.Debug|Any CPU.ActiveCfg = Debug|Any CPU
		{120B100C-70A3-4305-BEAE-E108EC2A2C19}.Debug|Any CPU.Build.0 = Debug|Any CPU
		{120B100C-70A3-4305-BEAE-E108EC2A2C19}.Release|Any CPU.ActiveCfg = Release|Any CPU
		{120B100C-70A3-4305-BEAE-E108EC2A2C19}.Release|Any CPU.Build.0 = Release|Any CPU
	EndGlobalSection
EndGlobal
